// !$*UTF8*$!
{
	archiveVersion = 1;
	classes = {
	};
	objectVersion = 46;
	objects = {

/* Begin PBXBuildFile section */
		067E9343711387117E1A5C1C /* Pods_Pet_Pageant.framework in Frameworks */ = {isa = PBXBuildFile; fileRef = 94E2F27B2C98584D415FC9FD /* Pods_Pet_Pageant.framework */; };
		4C03BC941D68FCA50035F510 /* VoteViewController.swift in Sources */ = {isa = PBXBuildFile; fileRef = 4C03BC931D68FCA50035F510 /* VoteViewController.swift */; };
		4C1D292720CE5720006E1721 /* UIApplication + StatusBar.swift in Sources */ = {isa = PBXBuildFile; fileRef = 4C1D292620CE5720006E1721 /* UIApplication + StatusBar.swift */; };
		4C1E3ACF1D6CDA7F000B9861 /* ProfileViewController.swift in Sources */ = {isa = PBXBuildFile; fileRef = 4C1E3ACE1D6CDA7F000B9861 /* ProfileViewController.swift */; };
		4C1E3AD11D6CDB68000B9861 /* LeaderboardViewController.swift in Sources */ = {isa = PBXBuildFile; fileRef = 4C1E3AD01D6CDB68000B9861 /* LeaderboardViewController.swift */; };
		4C2D115E20C7B87600E51350 /* RecordManager.swift in Sources */ = {isa = PBXBuildFile; fileRef = 4C2D115D20C7B87600E51350 /* RecordManager.swift */; };
		4C46344B1E6AF6C000E38B56 /* ArrowButton.swift in Sources */ = {isa = PBXBuildFile; fileRef = 4C46344A1E6AF6C000E38B56 /* ArrowButton.swift */; };
		4C4F7DD01E69793F0064BB61 /* LoginViewController.swift in Sources */ = {isa = PBXBuildFile; fileRef = 4C4F7DCF1E69793F0064BB61 /* LoginViewController.swift */; };
		4C4FF2F61D7148AD00714806 /* PhotoDetailViewController.swift in Sources */ = {isa = PBXBuildFile; fileRef = 4C4FF2F51D7148AD00714806 /* PhotoDetailViewController.swift */; };
		4C4FF2F81D714C4300714806 /* Pet.swift in Sources */ = {isa = PBXBuildFile; fileRef = 4C4FF2F71D714C4300714806 /* Pet.swift */; };
		4C5AC27C1DBC4DF500A57776 /* RootViewController.swift in Sources */ = {isa = PBXBuildFile; fileRef = 4C5AC27B1DBC4DF500A57776 /* RootViewController.swift */; };
		4C62BC671DB9A56E00EB356D /* ErrorHandler.swift in Sources */ = {isa = PBXBuildFile; fileRef = 4C62BC661DB9A56E00EB356D /* ErrorHandler.swift */; };
		4C72E5E01D8B6FC30009AB05 /* PetCell.swift in Sources */ = {isa = PBXBuildFile; fileRef = 4C72E5DF1D8B6FC30009AB05 /* PetCell.swift */; };
		4C72E5E21D8B86AC0009AB05 /* PetCell.xib in Resources */ = {isa = PBXBuildFile; fileRef = 4C72E5E11D8B86AC0009AB05 /* PetCell.xib */; };
		4C72E5E41D8C35570009AB05 /* RankView.xib in Resources */ = {isa = PBXBuildFile; fileRef = 4C72E5E31D8C35570009AB05 /* RankView.xib */; };
		4C72E5E61D8C36F80009AB05 /* RankView.swift in Sources */ = {isa = PBXBuildFile; fileRef = 4C72E5E51D8C36F80009AB05 /* RankView.swift */; };
		4C75B28C1D63F9BB002755B7 /* AppDelegate.swift in Sources */ = {isa = PBXBuildFile; fileRef = 4C75B28B1D63F9BB002755B7 /* AppDelegate.swift */; };
		4C75B28E1D63F9BB002755B7 /* ViewController.swift in Sources */ = {isa = PBXBuildFile; fileRef = 4C75B28D1D63F9BB002755B7 /* ViewController.swift */; };
		4C75B2911D63F9BB002755B7 /* Main.storyboard in Resources */ = {isa = PBXBuildFile; fileRef = 4C75B28F1D63F9BB002755B7 /* Main.storyboard */; };
		4C75B2931D63F9BB002755B7 /* Assets.xcassets in Resources */ = {isa = PBXBuildFile; fileRef = 4C75B2921D63F9BB002755B7 /* Assets.xcassets */; };
		4C75B2961D63F9BB002755B7 /* LaunchScreen.storyboard in Resources */ = {isa = PBXBuildFile; fileRef = 4C75B2941D63F9BB002755B7 /* LaunchScreen.storyboard */; };
		4CA79E0A20C6619500268D10 /* API.swift in Sources */ = {isa = PBXBuildFile; fileRef = 4CA79E0920C6619500268D10 /* API.swift */; };
		4CB0C6541E7309E700305605 /* ButtonVotingProtocol.swift in Sources */ = {isa = PBXBuildFile; fileRef = 4CB0C6531E7309E700305605 /* ButtonVotingProtocol.swift */; };
		4CB8EA591D6AE2A4009B20B3 /* VoteView.xib in Resources */ = {isa = PBXBuildFile; fileRef = 4CB8EA581D6AE2A4009B20B3 /* VoteView.xib */; };
		4CB8EA5B1D6AE6DF009B20B3 /* VoteView.swift in Sources */ = {isa = PBXBuildFile; fileRef = 4CB8EA5A1D6AE6DF009B20B3 /* VoteView.swift */; };
		4CBABDAB1E6DAC6700C8372A /* VoteActivity.swift in Sources */ = {isa = PBXBuildFile; fileRef = 4CBABDAA1E6DAC6700C8372A /* VoteActivity.swift */; };
		4CBAEB781D73C4940003B591 /* UploadImageViewController.swift in Sources */ = {isa = PBXBuildFile; fileRef = 4CBAEB771D73C4940003B591 /* UploadImageViewController.swift */; };
		4CEDDA6E1D903ECC004E56AD /* GlobalVars.swift in Sources */ = {isa = PBXBuildFile; fileRef = 4CEDDA6D1D903ECC004E56AD /* GlobalVars.swift */; };
		4CF524C11E6AA6CA0038505B /* ModifyViewProtocol.swift in Sources */ = {isa = PBXBuildFile; fileRef = 4CF524C01E6AA6CA0038505B /* ModifyViewProtocol.swift */; };
		4CF524C31E6AA7550038505B /* ModifyImageProtocol.swift in Sources */ = {isa = PBXBuildFile; fileRef = 4CF524C21E6AA7550038505B /* ModifyImageProtocol.swift */; };
		4CF524C51E6AA7BE0038505B /* SetupViewControllerProtocol.swift in Sources */ = {isa = PBXBuildFile; fileRef = 4CF524C41E6AA7BE0038505B /* SetupViewControllerProtocol.swift */; };
		4CF524C71E6AA8110038505B /* CustomBaseViewContollerViewController.swift in Sources */ = {isa = PBXBuildFile; fileRef = 4CF524C61E6AA8110038505B /* CustomBaseViewContollerViewController.swift */; };
		4CF524C91E6AB68B0038505B /* ModifyButonProtocol.swift in Sources */ = {isa = PBXBuildFile; fileRef = 4CF524C81E6AB68B0038505B /* ModifyButonProtocol.swift */; };
/* End PBXBuildFile section */

/* Begin PBXCopyFilesBuildPhase section */
		4C5D61B31E77589D00092FF5 /* Embed Frameworks */ = {
			isa = PBXCopyFilesBuildPhase;
			buildActionMask = 12;
			dstPath = "";
			dstSubfolderSpec = 10;
			files = (
			);
			name = "Embed Frameworks";
			runOnlyForDeploymentPostprocessing = 0;
		};
/* End PBXCopyFilesBuildPhase section */

/* Begin PBXFileReference section */
		4C03BC931D68FCA50035F510 /* VoteViewController.swift */ = {isa = PBXFileReference; fileEncoding = 4; lastKnownFileType = sourcecode.swift; path = VoteViewController.swift; sourceTree = "<group>"; };
		4C1D292620CE5720006E1721 /* UIApplication + StatusBar.swift */ = {isa = PBXFileReference; lastKnownFileType = sourcecode.swift; path = "UIApplication + StatusBar.swift"; sourceTree = "<group>"; };
		4C1E3ACE1D6CDA7F000B9861 /* ProfileViewController.swift */ = {isa = PBXFileReference; fileEncoding = 4; lastKnownFileType = sourcecode.swift; path = ProfileViewController.swift; sourceTree = "<group>"; };
		4C1E3AD01D6CDB68000B9861 /* LeaderboardViewController.swift */ = {isa = PBXFileReference; fileEncoding = 4; lastKnownFileType = sourcecode.swift; path = LeaderboardViewController.swift; sourceTree = "<group>"; };
		4C2D115D20C7B87600E51350 /* RecordManager.swift */ = {isa = PBXFileReference; lastKnownFileType = sourcecode.swift; path = RecordManager.swift; sourceTree = "<group>"; };
		4C46344A1E6AF6C000E38B56 /* ArrowButton.swift */ = {isa = PBXFileReference; fileEncoding = 4; lastKnownFileType = sourcecode.swift; path = ArrowButton.swift; sourceTree = "<group>"; };
		4C4F7DCF1E69793F0064BB61 /* LoginViewController.swift */ = {isa = PBXFileReference; fileEncoding = 4; lastKnownFileType = sourcecode.swift; path = LoginViewController.swift; sourceTree = "<group>"; };
		4C4FF2F51D7148AD00714806 /* PhotoDetailViewController.swift */ = {isa = PBXFileReference; fileEncoding = 4; lastKnownFileType = sourcecode.swift; path = PhotoDetailViewController.swift; sourceTree = "<group>"; };
		4C4FF2F71D714C4300714806 /* Pet.swift */ = {isa = PBXFileReference; fileEncoding = 4; lastKnownFileType = sourcecode.swift; path = Pet.swift; sourceTree = "<group>"; };
		4C5AC27B1DBC4DF500A57776 /* RootViewController.swift */ = {isa = PBXFileReference; fileEncoding = 4; lastKnownFileType = sourcecode.swift; path = RootViewController.swift; sourceTree = "<group>"; };
		4C62BC661DB9A56E00EB356D /* ErrorHandler.swift */ = {isa = PBXFileReference; fileEncoding = 4; lastKnownFileType = sourcecode.swift; path = ErrorHandler.swift; sourceTree = "<group>"; };
		4C72E5DF1D8B6FC30009AB05 /* PetCell.swift */ = {isa = PBXFileReference; fileEncoding = 4; lastKnownFileType = sourcecode.swift; path = PetCell.swift; sourceTree = "<group>"; };
		4C72E5E11D8B86AC0009AB05 /* PetCell.xib */ = {isa = PBXFileReference; fileEncoding = 4; lastKnownFileType = file.xib; path = PetCell.xib; sourceTree = "<group>"; };
		4C72E5E31D8C35570009AB05 /* RankView.xib */ = {isa = PBXFileReference; fileEncoding = 4; lastKnownFileType = file.xib; path = RankView.xib; sourceTree = "<group>"; };
		4C72E5E51D8C36F80009AB05 /* RankView.swift */ = {isa = PBXFileReference; fileEncoding = 4; lastKnownFileType = sourcecode.swift; path = RankView.swift; sourceTree = "<group>"; };
		4C75B2881D63F9BB002755B7 /* Pet Pageant.app */ = {isa = PBXFileReference; explicitFileType = wrapper.application; includeInIndex = 0; path = "Pet Pageant.app"; sourceTree = BUILT_PRODUCTS_DIR; };
		4C75B28B1D63F9BB002755B7 /* AppDelegate.swift */ = {isa = PBXFileReference; lastKnownFileType = sourcecode.swift; path = AppDelegate.swift; sourceTree = "<group>"; };
		4C75B28D1D63F9BB002755B7 /* ViewController.swift */ = {isa = PBXFileReference; lastKnownFileType = sourcecode.swift; path = ViewController.swift; sourceTree = "<group>"; };
		4C75B2901D63F9BB002755B7 /* Base */ = {isa = PBXFileReference; lastKnownFileType = file.storyboard; name = Base; path = Base.lproj/Main.storyboard; sourceTree = "<group>"; };
		4C75B2921D63F9BB002755B7 /* Assets.xcassets */ = {isa = PBXFileReference; lastKnownFileType = folder.assetcatalog; path = Assets.xcassets; sourceTree = "<group>"; };
		4C75B2951D63F9BB002755B7 /* Base */ = {isa = PBXFileReference; lastKnownFileType = file.storyboard; name = Base; path = Base.lproj/LaunchScreen.storyboard; sourceTree = "<group>"; };
		4C75B2971D63F9BB002755B7 /* Info.plist */ = {isa = PBXFileReference; lastKnownFileType = text.plist.xml; path = Info.plist; sourceTree = "<group>"; };
		4CA79E0920C6619500268D10 /* API.swift */ = {isa = PBXFileReference; lastKnownFileType = sourcecode.swift; path = API.swift; sourceTree = "<group>"; };
		4CB0C6531E7309E700305605 /* ButtonVotingProtocol.swift */ = {isa = PBXFileReference; fileEncoding = 4; lastKnownFileType = sourcecode.swift; path = ButtonVotingProtocol.swift; sourceTree = "<group>"; };
		4CB8EA581D6AE2A4009B20B3 /* VoteView.xib */ = {isa = PBXFileReference; fileEncoding = 4; lastKnownFileType = file.xib; path = VoteView.xib; sourceTree = "<group>"; };
		4CB8EA5A1D6AE6DF009B20B3 /* VoteView.swift */ = {isa = PBXFileReference; fileEncoding = 4; lastKnownFileType = sourcecode.swift; path = VoteView.swift; sourceTree = "<group>"; };
		4CBABDAA1E6DAC6700C8372A /* VoteActivity.swift */ = {isa = PBXFileReference; fileEncoding = 4; lastKnownFileType = sourcecode.swift; path = VoteActivity.swift; sourceTree = "<group>"; };
		4CBAEB771D73C4940003B591 /* UploadImageViewController.swift */ = {isa = PBXFileReference; fileEncoding = 4; lastKnownFileType = sourcecode.swift; path = UploadImageViewController.swift; sourceTree = "<group>"; };
		4CEDDA6D1D903ECC004E56AD /* GlobalVars.swift */ = {isa = PBXFileReference; fileEncoding = 4; lastKnownFileType = sourcecode.swift; path = GlobalVars.swift; sourceTree = "<group>"; };
		4CF524C01E6AA6CA0038505B /* ModifyViewProtocol.swift */ = {isa = PBXFileReference; fileEncoding = 4; lastKnownFileType = sourcecode.swift; path = ModifyViewProtocol.swift; sourceTree = "<group>"; };
		4CF524C21E6AA7550038505B /* ModifyImageProtocol.swift */ = {isa = PBXFileReference; fileEncoding = 4; lastKnownFileType = sourcecode.swift; path = ModifyImageProtocol.swift; sourceTree = "<group>"; };
		4CF524C41E6AA7BE0038505B /* SetupViewControllerProtocol.swift */ = {isa = PBXFileReference; fileEncoding = 4; lastKnownFileType = sourcecode.swift; path = SetupViewControllerProtocol.swift; sourceTree = "<group>"; };
		4CF524C61E6AA8110038505B /* CustomBaseViewContollerViewController.swift */ = {isa = PBXFileReference; fileEncoding = 4; lastKnownFileType = sourcecode.swift; path = CustomBaseViewContollerViewController.swift; sourceTree = "<group>"; };
		4CF524C81E6AB68B0038505B /* ModifyButonProtocol.swift */ = {isa = PBXFileReference; fileEncoding = 4; lastKnownFileType = sourcecode.swift; path = ModifyButonProtocol.swift; sourceTree = "<group>"; };
		6E922AD5BAE68266E6EB70A1 /* Pods-Pet Pageant.release.xcconfig */ = {isa = PBXFileReference; includeInIndex = 1; lastKnownFileType = text.xcconfig; name = "Pods-Pet Pageant.release.xcconfig"; path = "Pods/Target Support Files/Pods-Pet Pageant/Pods-Pet Pageant.release.xcconfig"; sourceTree = "<group>"; };
		94E2F27B2C98584D415FC9FD /* Pods_Pet_Pageant.framework */ = {isa = PBXFileReference; explicitFileType = wrapper.framework; includeInIndex = 0; path = Pods_Pet_Pageant.framework; sourceTree = BUILT_PRODUCTS_DIR; };
		C1154D89ADA105ED3B37F3AA /* Pods-Pet Pageant.debug.xcconfig */ = {isa = PBXFileReference; includeInIndex = 1; lastKnownFileType = text.xcconfig; name = "Pods-Pet Pageant.debug.xcconfig"; path = "Pods/Target Support Files/Pods-Pet Pageant/Pods-Pet Pageant.debug.xcconfig"; sourceTree = "<group>"; };
/* End PBXFileReference section */

/* Begin PBXFrameworksBuildPhase section */
		4C75B2851D63F9BB002755B7 /* Frameworks */ = {
			isa = PBXFrameworksBuildPhase;
			buildActionMask = 2147483647;
			files = (
				067E9343711387117E1A5C1C /* Pods_Pet_Pageant.framework in Frameworks */,
			);
			runOnlyForDeploymentPostprocessing = 0;
		};
/* End PBXFrameworksBuildPhase section */

/* Begin PBXGroup section */
		4C75B27F1D63F9BB002755B7 = {
			isa = PBXGroup;
			children = (
				4C75B28A1D63F9BB002755B7 /* Pet Pageant */,
				4C75B2891D63F9BB002755B7 /* Products */,
				4C75B2A71D643088002755B7 /* Libraries */,
				98481F1F42BB460F4CBD681B /* Pods */,
				D82ED036AA28E621D45D21B2 /* Frameworks */,
			);
			sourceTree = "<group>";
		};
		4C75B2891D63F9BB002755B7 /* Products */ = {
			isa = PBXGroup;
			children = (
				4C75B2881D63F9BB002755B7 /* Pet Pageant.app */,
			);
			name = Products;
			sourceTree = "<group>";
		};
		4C75B28A1D63F9BB002755B7 /* Pet Pageant */ = {
			isa = PBXGroup;
			children = (
				4C9B01E720CE56DC00A75BCB /* Extensions */,
				4CA79E0820C6613200268D10 /* API */,
				4C75B2A91D64309E002755B7 /* App Global */,
				4C75B2A81D643098002755B7 /* Controller */,
				4C75B2AA1D6430A8002755B7 /* View */,
				4CBAEB791D73D3B20003B591 /* Model */,
				4CF524CE1E6ADEF70038505B /* Protocols */,
			);
			path = "Pet Pageant";
			sourceTree = "<group>";
		};
		4C75B2A71D643088002755B7 /* Libraries */ = {
			isa = PBXGroup;
			children = (
			);
			name = Libraries;
			sourceTree = "<group>";
		};
		4C75B2A81D643098002755B7 /* Controller */ = {
			isa = PBXGroup;
			children = (
				4C75B28D1D63F9BB002755B7 /* ViewController.swift */,
				4C03BC931D68FCA50035F510 /* VoteViewController.swift */,
				4C1E3ACE1D6CDA7F000B9861 /* ProfileViewController.swift */,
				4C1E3AD01D6CDB68000B9861 /* LeaderboardViewController.swift */,
				4C4FF2F51D7148AD00714806 /* PhotoDetailViewController.swift */,
				4CBAEB771D73C4940003B591 /* UploadImageViewController.swift */,
				4C5AC27B1DBC4DF500A57776 /* RootViewController.swift */,
				4C4F7DCF1E69793F0064BB61 /* LoginViewController.swift */,
				4CF524C61E6AA8110038505B /* CustomBaseViewContollerViewController.swift */,
			);
			name = Controller;
			sourceTree = "<group>";
		};
		4C75B2A91D64309E002755B7 /* App Global */ = {
			isa = PBXGroup;
			children = (
				4C75B2971D63F9BB002755B7 /* Info.plist */,
				4C75B2921D63F9BB002755B7 /* Assets.xcassets */,
				4C75B28B1D63F9BB002755B7 /* AppDelegate.swift */,
				4CEDDA6D1D903ECC004E56AD /* GlobalVars.swift */,
			);
			name = "App Global";
			sourceTree = "<group>";
		};
		4C75B2AA1D6430A8002755B7 /* View */ = {
			isa = PBXGroup;
			children = (
				4C75B2941D63F9BB002755B7 /* LaunchScreen.storyboard */,
				4C75B28F1D63F9BB002755B7 /* Main.storyboard */,
				4CB8EA581D6AE2A4009B20B3 /* VoteView.xib */,
				4CB8EA5A1D6AE6DF009B20B3 /* VoteView.swift */,
				4C72E5E11D8B86AC0009AB05 /* PetCell.xib */,
				4C72E5DF1D8B6FC30009AB05 /* PetCell.swift */,
				4C72E5E31D8C35570009AB05 /* RankView.xib */,
				4C72E5E51D8C36F80009AB05 /* RankView.swift */,
			);
			name = View;
			sourceTree = "<group>";
		};
		4C9B01E720CE56DC00A75BCB /* Extensions */ = {
			isa = PBXGroup;
			children = (
				4C1D292620CE5720006E1721 /* UIApplication + StatusBar.swift */,
			);
			name = Extensions;
			sourceTree = "<group>";
		};
		4CA79E0820C6613200268D10 /* API */ = {
			isa = PBXGroup;
			children = (
				4CA79E0920C6619500268D10 /* API.swift */,
			);
			name = API;
			sourceTree = "<group>";
		};
		4CBAEB791D73D3B20003B591 /* Model */ = {
			isa = PBXGroup;
			children = (
				4C46344A1E6AF6C000E38B56 /* ArrowButton.swift */,
				4C62BC661DB9A56E00EB356D /* ErrorHandler.swift */,
				4C4FF2F71D714C4300714806 /* Pet.swift */,
				4C2D115D20C7B87600E51350 /* RecordManager.swift */,
				4CBABDAA1E6DAC6700C8372A /* VoteActivity.swift */,
			);
			name = Model;
			sourceTree = "<group>";
		};
		4CF524CE1E6ADEF70038505B /* Protocols */ = {
			isa = PBXGroup;
			children = (
				4CF524C01E6AA6CA0038505B /* ModifyViewProtocol.swift */,
				4CF524C21E6AA7550038505B /* ModifyImageProtocol.swift */,
				4CF524C41E6AA7BE0038505B /* SetupViewControllerProtocol.swift */,
				4CF524C81E6AB68B0038505B /* ModifyButonProtocol.swift */,
				4CB0C6531E7309E700305605 /* ButtonVotingProtocol.swift */,
			);
			name = Protocols;
			sourceTree = "<group>";
		};
		98481F1F42BB460F4CBD681B /* Pods */ = {
			isa = PBXGroup;
			children = (
				C1154D89ADA105ED3B37F3AA /* Pods-Pet Pageant.debug.xcconfig */,
				6E922AD5BAE68266E6EB70A1 /* Pods-Pet Pageant.release.xcconfig */,
			);
			name = Pods;
			sourceTree = "<group>";
		};
		D82ED036AA28E621D45D21B2 /* Frameworks */ = {
			isa = PBXGroup;
			children = (
				94E2F27B2C98584D415FC9FD /* Pods_Pet_Pageant.framework */,
			);
			name = Frameworks;
			sourceTree = "<group>";
		};
/* End PBXGroup section */

/* Begin PBXNativeTarget section */
		4C75B2871D63F9BB002755B7 /* Pet Pageant */ = {
			isa = PBXNativeTarget;
			buildConfigurationList = 4C75B29A1D63F9BB002755B7 /* Build configuration list for PBXNativeTarget "Pet Pageant" */;
			buildPhases = (
				E6FFD4F22F6B7F2CF12AA5B7 /* [CP] Check Pods Manifest.lock */,
				4C75B2841D63F9BB002755B7 /* Sources */,
				4C75B2851D63F9BB002755B7 /* Frameworks */,
				4C75B2861D63F9BB002755B7 /* Resources */,
				4C5D61B31E77589D00092FF5 /* Embed Frameworks */,
				6387F2B3B59E1BDA0E19D6DF /* [CP] Embed Pods Frameworks */,
				066D4FC5D48A1BE23CAFC4E3 /* [CP] Copy Pods Resources */,
			);
			buildRules = (
			);
			dependencies = (
			);
			name = "Pet Pageant";
			productName = "Pet Pageant";
			productReference = 4C75B2881D63F9BB002755B7 /* Pet Pageant.app */;
			productType = "com.apple.product-type.application";
		};
/* End PBXNativeTarget section */

/* Begin PBXProject section */
		4C75B2801D63F9BB002755B7 /* Project object */ = {
			isa = PBXProject;
			attributes = {
				LastSwiftUpdateCheck = 0730;
				LastUpgradeCheck = 0810;
				ORGANIZATIONNAME = "Michael Sweeney";
				TargetAttributes = {
					4C75B2871D63F9BB002755B7 = {
						CreatedOnToolsVersion = 7.3.1;
						DevelopmentTeam = NXQBD8W8TS;
						LastSwiftMigration = 0810;
					};
				};
			};
			buildConfigurationList = 4C75B2831D63F9BB002755B7 /* Build configuration list for PBXProject "Pet Pageant" */;
			compatibilityVersion = "Xcode 3.2";
			developmentRegion = English;
			hasScannedForEncodings = 0;
			knownRegions = (
				en,
				Base,
			);
			mainGroup = 4C75B27F1D63F9BB002755B7;
			productRefGroup = 4C75B2891D63F9BB002755B7 /* Products */;
			projectDirPath = "";
			projectRoot = "";
			targets = (
				4C75B2871D63F9BB002755B7 /* Pet Pageant */,
			);
		};
/* End PBXProject section */

/* Begin PBXResourcesBuildPhase section */
		4C75B2861D63F9BB002755B7 /* Resources */ = {
			isa = PBXResourcesBuildPhase;
			buildActionMask = 2147483647;
			files = (
				4C72E5E41D8C35570009AB05 /* RankView.xib in Resources */,
				4C75B2961D63F9BB002755B7 /* LaunchScreen.storyboard in Resources */,
				4C75B2931D63F9BB002755B7 /* Assets.xcassets in Resources */,
				4C72E5E21D8B86AC0009AB05 /* PetCell.xib in Resources */,
				4CB8EA591D6AE2A4009B20B3 /* VoteView.xib in Resources */,
				4C75B2911D63F9BB002755B7 /* Main.storyboard in Resources */,
			);
			runOnlyForDeploymentPostprocessing = 0;
		};
/* End PBXResourcesBuildPhase section */

/* Begin PBXShellScriptBuildPhase section */
		066D4FC5D48A1BE23CAFC4E3 /* [CP] Copy Pods Resources */ = {
			isa = PBXShellScriptBuildPhase;
			buildActionMask = 2147483647;
			files = (
			);
			inputPaths = (
			);
			name = "[CP] Copy Pods Resources";
			outputPaths = (
			);
			runOnlyForDeploymentPostprocessing = 0;
			shellPath = /bin/sh;
			shellScript = "\"${SRCROOT}/Pods/Target Support Files/Pods-Pet Pageant/Pods-Pet Pageant-resources.sh\"\n";
			showEnvVarsInLog = 0;
		};
		6387F2B3B59E1BDA0E19D6DF /* [CP] Embed Pods Frameworks */ = {
			isa = PBXShellScriptBuildPhase;
			buildActionMask = 2147483647;
			files = (
			);
			inputPaths = (
			);
			name = "[CP] Embed Pods Frameworks";
			outputPaths = (
			);
			runOnlyForDeploymentPostprocessing = 0;
			shellPath = /bin/sh;
			shellScript = "\"${SRCROOT}/Pods/Target Support Files/Pods-Pet Pageant/Pods-Pet Pageant-frameworks.sh\"\n";
			showEnvVarsInLog = 0;
		};
		E6FFD4F22F6B7F2CF12AA5B7 /* [CP] Check Pods Manifest.lock */ = {
			isa = PBXShellScriptBuildPhase;
			buildActionMask = 2147483647;
			files = (
			);
			inputPaths = (
			);
			name = "[CP] Check Pods Manifest.lock";
			outputPaths = (
			);
			runOnlyForDeploymentPostprocessing = 0;
			shellPath = /bin/sh;
			shellScript = "diff \"${PODS_ROOT}/../Podfile.lock\" \"${PODS_ROOT}/Manifest.lock\" > /dev/null\nif [ $? != 0 ] ; then\n    # print error to STDERR\n    echo \"error: The sandbox is not in sync with the Podfile.lock. Run 'pod install' or update your CocoaPods installation.\" >&2\n    exit 1\nfi\n";
			showEnvVarsInLog = 0;
		};
/* End PBXShellScriptBuildPhase section */

/* Begin PBXSourcesBuildPhase section */
		4C75B2841D63F9BB002755B7 /* Sources */ = {
			isa = PBXSourcesBuildPhase;
			buildActionMask = 2147483647;
			files = (
				4C75B28E1D63F9BB002755B7 /* ViewController.swift in Sources */,
				4CF524C31E6AA7550038505B /* ModifyImageProtocol.swift in Sources */,
				4CB0C6541E7309E700305605 /* ButtonVotingProtocol.swift in Sources */,
				4C62BC671DB9A56E00EB356D /* ErrorHandler.swift in Sources */,
				4C72E5E01D8B6FC30009AB05 /* PetCell.swift in Sources */,
				4C4F7DD01E69793F0064BB61 /* LoginViewController.swift in Sources */,
				4CB8EA5B1D6AE6DF009B20B3 /* VoteView.swift in Sources */,
				4CF524C91E6AB68B0038505B /* ModifyButonProtocol.swift in Sources */,
				4CEDDA6E1D903ECC004E56AD /* GlobalVars.swift in Sources */,
				4C5AC27C1DBC4DF500A57776 /* RootViewController.swift in Sources */,
				4C03BC941D68FCA50035F510 /* VoteViewController.swift in Sources */,
				4CF524C11E6AA6CA0038505B /* ModifyViewProtocol.swift in Sources */,
				4C4FF2F61D7148AD00714806 /* PhotoDetailViewController.swift in Sources */,
				4CBABDAB1E6DAC6700C8372A /* VoteActivity.swift in Sources */,
				4C1D292720CE5720006E1721 /* UIApplication + StatusBar.swift in Sources */,
				4C72E5E61D8C36F80009AB05 /* RankView.swift in Sources */,
				4C1E3ACF1D6CDA7F000B9861 /* ProfileViewController.swift in Sources */,
				4CBAEB781D73C4940003B591 /* UploadImageViewController.swift in Sources */,
				4C4FF2F81D714C4300714806 /* Pet.swift in Sources */,
				4CA79E0A20C6619500268D10 /* API.swift in Sources */,
				4C46344B1E6AF6C000E38B56 /* ArrowButton.swift in Sources */,
				4C1E3AD11D6CDB68000B9861 /* LeaderboardViewController.swift in Sources */,
				4C2D115E20C7B87600E51350 /* RecordManager.swift in Sources */,
				4CF524C51E6AA7BE0038505B /* SetupViewControllerProtocol.swift in Sources */,
				4C75B28C1D63F9BB002755B7 /* AppDelegate.swift in Sources */,
				4CF524C71E6AA8110038505B /* CustomBaseViewContollerViewController.swift in Sources */,
			);
			runOnlyForDeploymentPostprocessing = 0;
		};
/* End PBXSourcesBuildPhase section */

/* Begin PBXVariantGroup section */
		4C75B28F1D63F9BB002755B7 /* Main.storyboard */ = {
			isa = PBXVariantGroup;
			children = (
				4C75B2901D63F9BB002755B7 /* Base */,
			);
			name = Main.storyboard;
			sourceTree = "<group>";
		};
		4C75B2941D63F9BB002755B7 /* LaunchScreen.storyboard */ = {
			isa = PBXVariantGroup;
			children = (
				4C75B2951D63F9BB002755B7 /* Base */,
			);
			name = LaunchScreen.storyboard;
			sourceTree = "<group>";
		};
/* End PBXVariantGroup section */

/* Begin XCBuildConfiguration section */
		4C75B2981D63F9BB002755B7 /* Debug */ = {
			isa = XCBuildConfiguration;
			buildSettings = {
				ALWAYS_SEARCH_USER_PATHS = NO;
				CLANG_ANALYZER_NONNULL = YES;
				CLANG_CXX_LANGUAGE_STANDARD = "gnu++0x";
				CLANG_CXX_LIBRARY = "libc++";
				CLANG_ENABLE_MODULES = YES;
				CLANG_ENABLE_OBJC_ARC = YES;
				CLANG_WARN_BOOL_CONVERSION = YES;
				CLANG_WARN_CONSTANT_CONVERSION = YES;
				CLANG_WARN_DIRECT_OBJC_ISA_USAGE = YES_ERROR;
				CLANG_WARN_EMPTY_BODY = YES;
				CLANG_WARN_ENUM_CONVERSION = YES;
				CLANG_WARN_INFINITE_RECURSION = YES;
				CLANG_WARN_INT_CONVERSION = YES;
				CLANG_WARN_OBJC_ROOT_CLASS = YES_ERROR;
				CLANG_WARN_SUSPICIOUS_MOVE = YES;
				CLANG_WARN_UNREACHABLE_CODE = YES;
				CLANG_WARN__DUPLICATE_METHOD_MATCH = YES;
				"CODE_SIGN_IDENTITY[sdk=iphoneos*]" = "iPhone Developer";
				COPY_PHASE_STRIP = NO;
				DEBUG_INFORMATION_FORMAT = dwarf;
				ENABLE_STRICT_OBJC_MSGSEND = YES;
				ENABLE_TESTABILITY = YES;
				GCC_C_LANGUAGE_STANDARD = gnu99;
				GCC_DYNAMIC_NO_PIC = NO;
				GCC_NO_COMMON_BLOCKS = YES;
				GCC_OPTIMIZATION_LEVEL = 0;
				GCC_PREPROCESSOR_DEFINITIONS = (
					"DEBUG=1",
					"$(inherited)",
				);
				GCC_WARN_64_TO_32_BIT_CONVERSION = YES;
				GCC_WARN_ABOUT_RETURN_TYPE = YES_ERROR;
				GCC_WARN_UNDECLARED_SELECTOR = YES;
				GCC_WARN_UNINITIALIZED_AUTOS = YES_AGGRESSIVE;
				GCC_WARN_UNUSED_FUNCTION = YES;
				GCC_WARN_UNUSED_VARIABLE = YES;
				IPHONEOS_DEPLOYMENT_TARGET = 9.3;
				MTL_ENABLE_DEBUG_INFO = YES;
				ONLY_ACTIVE_ARCH = YES;
				SDKROOT = iphoneos;
				SWIFT_OPTIMIZATION_LEVEL = "-Onone";
				TARGETED_DEVICE_FAMILY = "1,2";
			};
			name = Debug;
		};
		4C75B2991D63F9BB002755B7 /* Release */ = {
			isa = XCBuildConfiguration;
			buildSettings = {
				ALWAYS_SEARCH_USER_PATHS = NO;
				CLANG_ANALYZER_NONNULL = YES;
				CLANG_CXX_LANGUAGE_STANDARD = "gnu++0x";
				CLANG_CXX_LIBRARY = "libc++";
				CLANG_ENABLE_MODULES = YES;
				CLANG_ENABLE_OBJC_ARC = YES;
				CLANG_WARN_BOOL_CONVERSION = YES;
				CLANG_WARN_CONSTANT_CONVERSION = YES;
				CLANG_WARN_DIRECT_OBJC_ISA_USAGE = YES_ERROR;
				CLANG_WARN_EMPTY_BODY = YES;
				CLANG_WARN_ENUM_CONVERSION = YES;
				CLANG_WARN_INFINITE_RECURSION = YES;
				CLANG_WARN_INT_CONVERSION = YES;
				CLANG_WARN_OBJC_ROOT_CLASS = YES_ERROR;
				CLANG_WARN_SUSPICIOUS_MOVE = YES;
				CLANG_WARN_UNREACHABLE_CODE = YES;
				CLANG_WARN__DUPLICATE_METHOD_MATCH = YES;
				"CODE_SIGN_IDENTITY[sdk=iphoneos*]" = "iPhone Developer";
				COPY_PHASE_STRIP = NO;
				DEBUG_INFORMATION_FORMAT = "dwarf-with-dsym";
				ENABLE_NS_ASSERTIONS = NO;
				ENABLE_STRICT_OBJC_MSGSEND = YES;
				GCC_C_LANGUAGE_STANDARD = gnu99;
				GCC_NO_COMMON_BLOCKS = YES;
				GCC_WARN_64_TO_32_BIT_CONVERSION = YES;
				GCC_WARN_ABOUT_RETURN_TYPE = YES_ERROR;
				GCC_WARN_UNDECLARED_SELECTOR = YES;
				GCC_WARN_UNINITIALIZED_AUTOS = YES_AGGRESSIVE;
				GCC_WARN_UNUSED_FUNCTION = YES;
				GCC_WARN_UNUSED_VARIABLE = YES;
				IPHONEOS_DEPLOYMENT_TARGET = 9.3;
				MTL_ENABLE_DEBUG_INFO = NO;
				SDKROOT = iphoneos;
				SWIFT_OPTIMIZATION_LEVEL = "-Owholemodule";
				TARGETED_DEVICE_FAMILY = "1,2";
				VALIDATE_PRODUCT = YES;
			};
			name = Release;
		};
		4C75B29B1D63F9BB002755B7 /* Debug */ = {
			isa = XCBuildConfiguration;
			baseConfigurationReference = C1154D89ADA105ED3B37F3AA /* Pods-Pet Pageant.debug.xcconfig */;
			buildSettings = {
				ASSETCATALOG_COMPILER_APPICON_NAME = AppIcon;
				DEVELOPMENT_TEAM = NXQBD8W8TS;
				ENABLE_BITCODE = YES;
				FRAMEWORK_SEARCH_PATHS = (
					"$(inherited)",
					"$(PROJECT_DIR)",
				);
				INFOPLIST_FILE = "Pet Pageant/Info.plist";
				IPHONEOS_DEPLOYMENT_TARGET = 10.0;
				LD_RUNPATH_SEARCH_PATHS = "$(inherited) @executable_path/Frameworks";
				MACH_O_TYPE = mh_execute;
				PRODUCT_BUNDLE_IDENTIFIER = "sweeney.Pet-Pageant";
				PRODUCT_NAME = "$(TARGET_NAME)";
				SWIFT_VERSION = 3.0;
				TARGETED_DEVICE_FAMILY = 1;
			};
			name = Debug;
		};
		4C75B29C1D63F9BB002755B7 /* Release */ = {
			isa = XCBuildConfiguration;
			baseConfigurationReference = 6E922AD5BAE68266E6EB70A1 /* Pods-Pet Pageant.release.xcconfig */;
			buildSettings = {
				ASSETCATALOG_COMPILER_APPICON_NAME = AppIcon;
				DEVELOPMENT_TEAM = NXQBD8W8TS;
				ENABLE_BITCODE = YES;
				FRAMEWORK_SEARCH_PATHS = (
					"$(inherited)",
					"$(PROJECT_DIR)",
				);
				INFOPLIST_FILE = "Pet Pageant/Info.plist";
				IPHONEOS_DEPLOYMENT_TARGET = 10.0;
				LD_RUNPATH_SEARCH_PATHS = "$(inherited) @executable_path/Frameworks";
				MACH_O_TYPE = mh_execute;
				PRODUCT_BUNDLE_IDENTIFIER = "sweeney.Pet-Pageant";
				PRODUCT_NAME = "$(TARGET_NAME)";
				SWIFT_VERSION = 3.0;
				TARGETED_DEVICE_FAMILY = 1;
			};
			name = Release;
		};
/* End XCBuildConfiguration section */

/* Begin XCConfigurationList section */
		4C75B2831D63F9BB002755B7 /* Build configuration list for PBXProject "Pet Pageant" */ = {
			isa = XCConfigurationList;
			buildConfigurations = (
				4C75B2981D63F9BB002755B7 /* Debug */,
				4C75B2991D63F9BB002755B7 /* Release */,
			);
			defaultConfigurationIsVisible = 0;
			defaultConfigurationName = Release;
		};
		4C75B29A1D63F9BB002755B7 /* Build configuration list for PBXNativeTarget "Pet Pageant" */ = {
			isa = XCConfigurationList;
			buildConfigurations = (
				4C75B29B1D63F9BB002755B7 /* Debug */,
				4C75B29C1D63F9BB002755B7 /* Release */,
			);
			defaultConfigurationIsVisible = 0;
			defaultConfigurationName = Release;
		};
/* End XCConfigurationList section */
	};
	rootObject = 4C75B2801D63F9BB002755B7 /* Project object */;
}
